
Microsoft Visual Studio Solution File, Format Version 12.00
# Visual Studio Version 17
VisualStudioVersion = 17.7.34221.43
MinimumVisualStudioVersion = 10.0.40219.1
Project("{FAE04EC0-301F-11D3-BF4B-00C04F79EFBC}") = "RazorWebApp-OidcClient", "RazorWebApp-OidcClient\RazorWebApp-OidcClient.csproj", "{B8B2B85F-86D9-4834-BA45-DBC01A0ED38A}"
EndProject
Global
	GlobalSection(SolutionConfigurationPlatforms) = preSolution
		Debug|Any CPU = Debug|Any CPU
		Release|Any CPU = Release|Any CPU
	EndGlobalSection
	GlobalSection(ProjectConfigurationPlatforms) = postSolution
		{B8B2B85F-86D9-4834-BA45-DBC01A0ED38A}.Debug|Any CPU.ActiveCfg = Debug|Any CPU
		{B8B2B85F-86D9-4834-BA45-DBC01A0ED38A}.Debug|Any CPU.Build.0 = Debug|Any CPU
		{B8B2B85F-86D9-4834-BA45-DBC01A0ED38A}.Release|Any CPU.ActiveCfg = Release|Any CPU
		{B8B2B85F-86D9-4834-BA45-DBC01A0ED38A}.Release|Any CPU.Build.0 = Release|Any CPU
	EndGlobalSection
	GlobalSection(SolutionProperties) = preSolution
		HideSolutionNode = FALSE
	EndGlobalSection
	GlobalSection(ExtensibilityGlobals) = postSolution
		SolutionGuid = {0974B4AE-7043-43E7-BE09-397E2B37FA5D}
	EndGlobalSection
EndGlobal
